
Microsoft Visual Studio Solution File, Format Version 12.00
# Visual Studio Version 16
VisualStudioVersion = 16.0.32228.343
MinimumVisualStudioVersion = 10.0.40219.1
Project("{FAE04EC0-301F-11D3-BF4B-00C04F79EFBC}") = "WindowsFormsApp1", "WindowsFormsApp1\WindowsFormsApp1.csproj", "{9D3FC405-F270-4ACD-929C-88A7777AEC53}"
EndProject
Global
	GlobalSection(SolutionConfigurationPlatforms) = preSolution
		Debug|Any CPU = Debug|Any CPU
		Release|Any CPU = Release|Any CPU
	EndGlobalSection
	GlobalSection(ProjectConfigurationPlatforms) = postSolution
		{9D3FC405-F270-4ACD-929C-88A7777AEC53}.Debug|Any CPU.ActiveCfg = Debug|Any CPU
		{9D3FC405-F270-4ACD-929C-88A7777AEC53}.Debug|Any CPU.Build.0 = Debug|Any CPU
		{9D3FC405-F270-4ACD-929C-88A7777AEC53}.Release|Any CPU.ActiveCfg = Release|Any CPU
		{9D3FC405-F270-4ACD-929C-88A7777AEC53}.Release|Any CPU.Build.0 = Release|Any CPU
	EndGlobalSection
	GlobalSection(SolutionProperties) = preSolution
		HideSolutionNode = FALSE
	EndGlobalSection
	GlobalSection(ExtensibilityGlobals) = postSolution
		SolutionGuid = {2D975F6B-1628-4446-B6D3-35918640EBF6}
	EndGlobalSection
EndGlobal
